
Microsoft Visual Studio Solution File, Format Version 12.00
# Visual Studio Version 16
VisualStudioVersion = 16.0.31529.145
MinimumVisualStudioVersion = 10.0.40219.1
Project("{8BC9CEB8-8B4A-11D0-8D11-00A0C91BC942}") = "Image1_hw", "Image1_hw\Image1_hw.vcxproj", "{D968FE30-E7EB-4CEA-AACB-BAC6D7E2DE18}"
EndProject
Global
	GlobalSection(SolutionConfigurationPlatforms) = preSolution
		Debug|x64 = Debug|x64
		Debug|x86 = Debug|x86
		Release|x64 = Release|x64
		Release|x86 = Release|x86
	EndGlobalSection
	GlobalSection(ProjectConfigurationPlatforms) = postSolution
		{D968FE30-E7EB-4CEA-AACB-BAC6D7E2DE18}.Debug|x64.ActiveCfg = Debug|x64
		{D968FE30-E7EB-4CEA-AACB-BAC6D7E2DE18}.Debug|x64.Build.0 = Debug|x64
		{D968FE30-E7EB-4CEA-AACB-BAC6D7E2DE18}.Debug|x86.ActiveCfg = Debug|Win32
		{D968FE30-E7EB-4CEA-AACB-BAC6D7E2DE18}.Debug|x86.Build.0 = Debug|Win32
		{D968FE30-E7EB-4CEA-AACB-BAC6D7E2DE18}.Release|x64.ActiveCfg = Release|x64
		{D968FE30-E7EB-4CEA-AACB-BAC6D7E2DE18}.Release|x64.Build.0 = Release|x64
		{D968FE30-E7EB-4CEA-AACB-BAC6D7E2DE18}.Release|x86.ActiveCfg = Release|Win32
		{D968FE30-E7EB-4CEA-AACB-BAC6D7E2DE18}.Release|x86.Build.0 = Release|Win32
	EndGlobalSection
	GlobalSection(SolutionProperties) = preSolution
		HideSolutionNode = FALSE
	EndGlobalSection
	GlobalSection(ExtensibilityGlobals) = postSolution
		SolutionGuid = {E983621B-8AEE-432C-8A38-AD29D036BEDA}
	EndGlobalSection
EndGlobal
